
Microsoft Visual Studio Solution File, Format Version 12.00
# Visual Studio Version 17
VisualStudioVersion = 17.4.33213.308
MinimumVisualStudioVersion = 10.0.40219.1
Project("{9A19103F-16F7-4668-BE54-9A1E7A4F7556}") = "CloudFlare.Client", "CloudFlare.Client\CloudFlare.Client.csproj", "{7A9D2E3E-8E75-4EA9-B6C3-3FE619244AD5}"
EndProject
Project("{9A19103F-16F7-4668-BE54-9A1E7A4F7556}") = "CloudFlare.Client.Test", "CloudFlare.Client.Test\CloudFlare.Client.Test.csproj", "{790DCA6A-1F49-4065-8BFB-6971D83AEFD4}"
EndProject
Global
	GlobalSection(SolutionConfigurationPlatforms) = preSolution
		Debug|Any CPU = Debug|Any CPU
		Release|Any CPU = Release|Any CPU
	EndGlobalSection
	GlobalSection(ProjectConfigurationPlatforms) = postSolution
		{7A9D2E3E-8E75-4EA9-B6C3-3FE619244AD5}.Debug|Any CPU.ActiveCfg = Debug|Any CPU
		{7A9D2E3E-8E75-4EA9-B6C3-3FE619244AD5}.Debug|Any CPU.Build.0 = Debug|Any CPU
		{7A9D2E3E-8E75-4EA9-B6C3-3FE619244AD5}.Release|Any CPU.ActiveCfg = Release|Any CPU
		{7A9D2E3E-8E75-4EA9-B6C3-3FE619244AD5}.Release|Any CPU.Build.0 = Release|Any CPU
		{790DCA6A-1F49-4065-8BFB-6971D83AEFD4}.Debug|Any CPU.ActiveCfg = Debug|Any CPU
		{790DCA6A-1F49-4065-8BFB-6971D83AEFD4}.Debug|Any CPU.Build.0 = Debug|Any CPU
		{790DCA6A-1F49-4065-8BFB-6971D83AEFD4}.Release|Any CPU.ActiveCfg = Release|Any CPU
		{790DCA6A-1F49-4065-8BFB-6971D83AEFD4}.Release|Any CPU.Build.0 = Release|Any CPU
	EndGlobalSection
	GlobalSection(SolutionProperties) = preSolution
		HideSolutionNode = FALSE
	EndGlobalSection
	GlobalSection(ExtensibilityGlobals) = postSolution
		SolutionGuid = {78FEA9E1-C022-487D-A1A7-CE6971FB94EA}
	EndGlobalSection
EndGlobal
