
Microsoft Visual Studio Solution File, Format Version 12.00
# Visual Studio 15
VisualStudioVersion = 15.0.28307.572
MinimumVisualStudioVersion = 10.0.40219.1
Project("{FAE04EC0-301F-11D3-BF4B-00C04F79EFBC}") = "CloudFlare.Client", "CloudFlare.Client\CloudFlare.Client.csproj", "{7A9D2E3E-8E75-4EA9-B6C3-3FE619244AD5}"
EndProject
Project("{FAE04EC0-301F-11D3-BF4B-00C04F79EFBC}") = "CloudFlare.Client.Example", "CloudFlare.Client.Example\CloudFlare.Client.Example.csproj", "{206DB5BB-4836-4978-A29A-FCFCB1A7F80F}"
EndProject
Global
	GlobalSection(SolutionConfigurationPlatforms) = preSolution
		Debug|Any CPU = Debug|Any CPU
		Release|Any CPU = Release|Any CPU
	EndGlobalSection
	GlobalSection(ProjectConfigurationPlatforms) = postSolution
		{7A9D2E3E-8E75-4EA9-B6C3-3FE619244AD5}.Debug|Any CPU.ActiveCfg = Debug|Any CPU
		{7A9D2E3E-8E75-4EA9-B6C3-3FE619244AD5}.Debug|Any CPU.Build.0 = Debug|Any CPU
		{7A9D2E3E-8E75-4EA9-B6C3-3FE619244AD5}.Release|Any CPU.ActiveCfg = Release|Any CPU
		{7A9D2E3E-8E75-4EA9-B6C3-3FE619244AD5}.Release|Any CPU.Build.0 = Release|Any CPU
		{206DB5BB-4836-4978-A29A-FCFCB1A7F80F}.Debug|Any CPU.ActiveCfg = Debug|Any CPU
		{206DB5BB-4836-4978-A29A-FCFCB1A7F80F}.Debug|Any CPU.Build.0 = Debug|Any CPU
		{206DB5BB-4836-4978-A29A-FCFCB1A7F80F}.Release|Any CPU.ActiveCfg = Release|Any CPU
		{206DB5BB-4836-4978-A29A-FCFCB1A7F80F}.Release|Any CPU.Build.0 = Release|Any CPU
	EndGlobalSection
	GlobalSection(SolutionProperties) = preSolution
		HideSolutionNode = FALSE
	EndGlobalSection
	GlobalSection(ExtensibilityGlobals) = postSolution
		SolutionGuid = {78FEA9E1-C022-487D-A1A7-CE6971FB94EA}
	EndGlobalSection
EndGlobal
